// !$*UTF8*$!
{
	archiveVersion = 1;
	classes = {
	};
	objectVersion = 55;
	objects = {

/* Begin PBXBuildFile section */
		01EE6EFF27B304890032BE75 /* Tests_iOS.swift in Sources */ = {isa = PBXBuildFile; fileRef = 01EE6EFE27B304890032BE75 /* Tests_iOS.swift */; };
		01EE6F0127B3048A0032BE75 /* Tests_iOSLaunchTests.swift in Sources */ = {isa = PBXBuildFile; fileRef = 01EE6F0027B3048A0032BE75 /* Tests_iOSLaunchTests.swift */; };
		01EE6F0B27B3048A0032BE75 /* Tests_macOS.swift in Sources */ = {isa = PBXBuildFile; fileRef = 01EE6F0A27B3048A0032BE75 /* Tests_macOS.swift */; };
		01EE6F0D27B3048A0032BE75 /* Tests_macOSLaunchTests.swift in Sources */ = {isa = PBXBuildFile; fileRef = 01EE6F0C27B3048A0032BE75 /* Tests_macOSLaunchTests.swift */; };
		01EE6F0E27B3048A0032BE75 /* userApp.swift in Sources */ = {isa = PBXBuildFile; fileRef = 01EE6EE227B3047C0032BE75 /* userApp.swift */; };
		01EE6F0F27B3048A0032BE75 /* userApp.swift in Sources */ = {isa = PBXBuildFile; fileRef = 01EE6EE227B3047C0032BE75 /* userApp.swift */; };
		01EE6F1027B3048A0032BE75 /* userDocument.swift in Sources */ = {isa = PBXBuildFile; fileRef = 01EE6EE327B3047C0032BE75 /* userDocument.swift */; };
		01EE6F1127B3048A0032BE75 /* userDocument.swift in Sources */ = {isa = PBXBuildFile; fileRef = 01EE6EE327B3047C0032BE75 /* userDocument.swift */; };
		01EE6F1227B3048A0032BE75 /* ContentView.swift in Sources */ = {isa = PBXBuildFile; fileRef = 01EE6EE427B3047C0032BE75 /* ContentView.swift */; };
		01EE6F1327B3048A0032BE75 /* ContentView.swift in Sources */ = {isa = PBXBuildFile; fileRef = 01EE6EE427B3047C0032BE75 /* ContentView.swift */; };
		01EE6F1427B3048A0032BE75 /* Assets.xcassets in Resources */ = {isa = PBXBuildFile; fileRef = 01EE6EE527B304890032BE75 /* Assets.xcassets */; };
		01EE6F1527B3048A0032BE75 /* Assets.xcassets in Resources */ = {isa = PBXBuildFile; fileRef = 01EE6EE527B304890032BE75 /* Assets.xcassets */; };
/* End PBXBuildFile section */

/* Begin PBXContainerItemProxy section */
		01EE6EFB27B304890032BE75 /* PBXContainerItemProxy */ = {
			isa = PBXContainerItemProxy;
			containerPortal = 01EE6EDD27B3047A0032BE75 /* Project object */;
			proxyType = 1;
			remoteGlobalIDString = 01EE6EE927B304890032BE75;
			remoteInfo = "user (iOS)";
		};
		01EE6F0727B3048A0032BE75 /* PBXContainerItemProxy */ = {
			isa = PBXContainerItemProxy;
			containerPortal = 01EE6EDD27B3047A0032BE75 /* Project object */;
			proxyType = 1;
			remoteGlobalIDString = 01EE6EF127B304890032BE75;
			remoteInfo = "user (macOS)";
		};
/* End PBXContainerItemProxy section */

/* Begin PBXFileReference section */
		01EE6EE227B3047C0032BE75 /* userApp.swift */ = {isa = PBXFileReference; lastKnownFileType = sourcecode.swift; path = userApp.swift; sourceTree = "<group>"; };
		01EE6EE327B3047C0032BE75 /* userDocument.swift */ = {isa = PBXFileReference; lastKnownFileType = sourcecode.swift; path = userDocument.swift; sourceTree = "<group>"; };
		01EE6EE427B3047C0032BE75 /* ContentView.swift */ = {isa = PBXFileReference; lastKnownFileType = sourcecode.swift; path = ContentView.swift; sourceTree = "<group>"; };
		01EE6EE527B304890032BE75 /* Assets.xcassets */ = {isa = PBXFileReference; lastKnownFileType = folder.assetcatalog; path = Assets.xcassets; sourceTree = "<group>"; };
		01EE6EEA27B304890032BE75 /* user.app */ = {isa = PBXFileReference; explicitFileType = wrapper.application; includeInIndex = 0; path = user.app; sourceTree = BUILT_PRODUCTS_DIR; };
		01EE6EED27B304890032BE75 /* Info.plist */ = {isa = PBXFileReference; lastKnownFileType = text.plist.xml; path = Info.plist; sourceTree = "<group>"; };
		01EE6EF227B304890032BE75 /* user.app */ = {isa = PBXFileReference; explicitFileType = wrapper.application; includeInIndex = 0; path = user.app; sourceTree = BUILT_PRODUCTS_DIR; };
		01EE6EF427B304890032BE75 /* Info.plist */ = {isa = PBXFileReference; lastKnownFileType = text.plist.xml; path = Info.plist; sourceTree = "<group>"; };
		01EE6EF527B304890032BE75 /* macOS.entitlements */ = {isa = PBXFileReference; lastKnownFileType = text.plist.entitlements; path = macOS.entitlements; sourceTree = "<group>"; };
		01EE6EFA27B304890032BE75 /* Tests iOS.xctest */ = {isa = PBXFileReference; explicitFileType = wrapper.cfbundle; includeInIndex = 0; path = "Tests iOS.xctest"; sourceTree = BUILT_PRODUCTS_DIR; };
		01EE6EFE27B304890032BE75 /* Tests_iOS.swift */ = {isa = PBXFileReference; lastKnownFileType = sourcecode.swift; path = Tests_iOS.swift; sourceTree = "<group>"; };
		01EE6F0027B3048A0032BE75 /* Tests_iOSLaunchTests.swift */ = {isa = PBXFileReference; lastKnownFileType = sourcecode.swift; path = Tests_iOSLaunchTests.swift; sourceTree = "<group>"; };
		01EE6F0627B3048A0032BE75 /* Tests macOS.xctest */ = {isa = PBXFileReference; explicitFileType = wrapper.cfbundle; includeInIndex = 0; path = "Tests macOS.xctest"; sourceTree = BUILT_PRODUCTS_DIR; };
		01EE6F0A27B3048A0032BE75 /* Tests_macOS.swift */ = {isa = PBXFileReference; lastKnownFileType = sourcecode.swift; path = Tests_macOS.swift; sourceTree = "<group>"; };
		01EE6F0C27B3048A0032BE75 /* Tests_macOSLaunchTests.swift */ = {isa = PBXFileReference; lastKnownFileType = sourcecode.swift; path = Tests_macOSLaunchTests.swift; sourceTree = "<group>"; };
/* End PBXFileReference section */

/* Begin PBXFrameworksBuildPhase section */
		01EE6EE727B304890032BE75 /* Frameworks */ = {
			isa = PBXFrameworksBuildPhase;
			buildActionMask = 2147483647;
			files = (
			);
			runOnlyForDeploymentPostprocessing = 0;
		};
		01EE6EEF27B304890032BE75 /* Frameworks */ = {
			isa = PBXFrameworksBuildPhase;
			buildActionMask = 2147483647;
			files = (
			);
			runOnlyForDeploymentPostprocessing = 0;
		};
		01EE6EF727B304890032BE75 /* Frameworks */ = {
			isa = PBXFrameworksBuildPhase;
			buildActionMask = 2147483647;
			files = (
			);
			runOnlyForDeploymentPostprocessing = 0;
		};
		01EE6F0327B3048A0032BE75 /* Frameworks */ = {
			isa = PBXFrameworksBuildPhase;
			buildActionMask = 2147483647;
			files = (
			);
			runOnlyForDeploymentPostprocessing = 0;
		};
/* End PBXFrameworksBuildPhase section */

/* Begin PBXGroup section */
		01EE6EDC27B3047A0032BE75 = {
			isa = PBXGroup;
			children = (
				01EE6EE127B3047C0032BE75 /* Shared */,
				01EE6EEC27B304890032BE75 /* iOS */,
				01EE6EF327B304890032BE75 /* macOS */,
				01EE6EFD27B304890032BE75 /* Tests iOS */,
				01EE6F0927B3048A0032BE75 /* Tests macOS */,
				01EE6EEB27B304890032BE75 /* Products */,
			);
			sourceTree = "<group>";
		};
		01EE6EE127B3047C0032BE75 /* Shared */ = {
			isa = PBXGroup;
			children = (
				01EE6EE227B3047C0032BE75 /* userApp.swift */,
				01EE6EE327B3047C0032BE75 /* userDocument.swift */,
				01EE6EE427B3047C0032BE75 /* ContentView.swift */,
				01EE6EE527B304890032BE75 /* Assets.xcassets */,
			);
			path = Shared;
			sourceTree = "<group>";
		};
		01EE6EEB27B304890032BE75 /* Products */ = {
			isa = PBXGroup;
			children = (
				01EE6EEA27B304890032BE75 /* user.app */,
				01EE6EF227B304890032BE75 /* user.app */,
				01EE6EFA27B304890032BE75 /* Tests iOS.xctest */,
				01EE6F0627B3048A0032BE75 /* Tests macOS.xctest */,
			);
			name = Products;
			sourceTree = "<group>";
		};
		01EE6EEC27B304890032BE75 /* iOS */ = {
			isa = PBXGroup;
			children = (
				01EE6EED27B304890032BE75 /* Info.plist */,
			);
			path = iOS;
			sourceTree = "<group>";
		};
		01EE6EF327B304890032BE75 /* macOS */ = {
			isa = PBXGroup;
			children = (
				01EE6EF427B304890032BE75 /* Info.plist */,
				01EE6EF527B304890032BE75 /* macOS.entitlements */,
			);
			path = macOS;
			sourceTree = "<group>";
		};
		01EE6EFD27B304890032BE75 /* Tests iOS */ = {
			isa = PBXGroup;
			children = (
				01EE6EFE27B304890032BE75 /* Tests_iOS.swift */,
				01EE6F0027B3048A0032BE75 /* Tests_iOSLaunchTests.swift */,
			);
			path = "Tests iOS";
			sourceTree = "<group>";
		};
		01EE6F0927B3048A0032BE75 /* Tests macOS */ = {
			isa = PBXGroup;
			children = (
				01EE6F0A27B3048A0032BE75 /* Tests_macOS.swift */,
				01EE6F0C27B3048A0032BE75 /* Tests_macOSLaunchTests.swift */,
			);
			path = "Tests macOS";
			sourceTree = "<group>";
		};
/* End PBXGroup section */

/* Begin PBXNativeTarget section */
		01EE6EE927B304890032BE75 /* user (iOS) */ = {
			isa = PBXNativeTarget;
			buildConfigurationList = 01EE6F1827B3048A0032BE75 /* Build configuration list for PBXNativeTarget "user (iOS)" */;
			buildPhases = (
				01EE6EE627B304890032BE75 /* Sources */,
				01EE6EE727B304890032BE75 /* Frameworks */,
				01EE6EE827B304890032BE75 /* Resources */,
			);
			buildRules = (
			);
			dependencies = (
			);
			name = "user (iOS)";
			productName = "user (iOS)";
			productReference = 01EE6EEA27B304890032BE75 /* user.app */;
			productType = "com.apple.product-type.application";
		};
		01EE6EF127B304890032BE75 /* user (macOS) */ = {
			isa = PBXNativeTarget;
			buildConfigurationList = 01EE6F1B27B3048A0032BE75 /* Build configuration list for PBXNativeTarget "user (macOS)" */;
			buildPhases = (
				01EE6EEE27B304890032BE75 /* Sources */,
				01EE6EEF27B304890032BE75 /* Frameworks */,
				01EE6EF027B304890032BE75 /* Resources */,
			);
			buildRules = (
			);
			dependencies = (
			);
			name = "user (macOS)";
			productName = "user (macOS)";
			productReference = 01EE6EF227B304890032BE75 /* user.app */;
			productType = "com.apple.product-type.application";
		};
		01EE6EF927B304890032BE75 /* Tests iOS */ = {
			isa = PBXNativeTarget;
			buildConfigurationList = 01EE6F1E27B3048A0032BE75 /* Build configuration list for PBXNativeTarget "Tests iOS" */;
			buildPhases = (
				01EE6EF627B304890032BE75 /* Sources */,
				01EE6EF727B304890032BE75 /* Frameworks */,
				01EE6EF827B304890032BE75 /* Resources */,
			);
			buildRules = (
			);
			dependencies = (
				01EE6EFC27B304890032BE75 /* PBXTargetDependency */,
			);
			name = "Tests iOS";
			productName = "Tests iOS";
			productReference = 01EE6EFA27B304890032BE75 /* Tests iOS.xctest */;
			productType = "com.apple.product-type.bundle.ui-testing";
		};
		01EE6F0527B3048A0032BE75 /* Tests macOS */ = {
			isa = PBXNativeTarget;
			buildConfigurationList = 01EE6F2127B3048A0032BE75 /* Build configuration list for PBXNativeTarget "Tests macOS" */;
			buildPhases = (
				01EE6F0227B3048A0032BE75 /* Sources */,
				01EE6F0327B3048A0032BE75 /* Frameworks */,
				01EE6F0427B3048A0032BE75 /* Resources */,
			);
			buildRules = (
			);
			dependencies = (
				01EE6F0827B3048A0032BE75 /* PBXTargetDependency */,
			);
			name = "Tests macOS";
			productName = "Tests macOS";
			productReference = 01EE6F0627B3048A0032BE75 /* Tests macOS.xctest */;
			productType = "com.apple.product-type.bundle.ui-testing";
		};
/* End PBXNativeTarget section */

/* Begin PBXProject section */
		01EE6EDD27B3047A0032BE75 /* Project object */ = {
			isa = PBXProject;
			attributes = {
				BuildIndependentTargetsInParallel = 1;
				LastSwiftUpdateCheck = 1320;
				LastUpgradeCheck = 1320;
				TargetAttributes = {
					01EE6EE927B304890032BE75 = {
						CreatedOnToolsVersion = 13.2.1;
					};
					01EE6EF127B304890032BE75 = {
						CreatedOnToolsVersion = 13.2.1;
					};
					01EE6EF927B304890032BE75 = {
						CreatedOnToolsVersion = 13.2.1;
						TestTargetID = 01EE6EE927B304890032BE75;
					};
					01EE6F0527B3048A0032BE75 = {
						CreatedOnToolsVersion = 13.2.1;
						TestTargetID = 01EE6EF127B304890032BE75;
					};
				};
			};
			buildConfigurationList = 01EE6EE027B3047A0032BE75 /* Build configuration list for PBXProject "user" */;
			compatibilityVersion = "Xcode 13.0";
			developmentRegion = en;
			hasScannedForEncodings = 0;
			knownRegions = (
				en,
				Base,
			);
			mainGroup = 01EE6EDC27B3047A0032BE75;
			productRefGroup = 01EE6EEB27B304890032BE75 /* Products */;
			projectDirPath = "";
			projectRoot = "";
			targets = (
				01EE6EE927B304890032BE75 /* user (iOS) */,
				01EE6EF127B304890032BE75 /* user (macOS) */,
				01EE6EF927B304890032BE75 /* Tests iOS */,
				01EE6F0527B3048A0032BE75 /* Tests macOS */,
			);
		};
/* End PBXProject section */

/* Begin PBXResourcesBuildPhase section */
		01EE6EE827B304890032BE75 /* Resources */ = {
			isa = PBXResourcesBuildPhase;
			buildActionMask = 2147483647;
			files = (
				01EE6F1427B3048A0032BE75 /* Assets.xcassets in Resources */,
			);
			runOnlyForDeploymentPostprocessing = 0;
		};
		01EE6EF027B304890032BE75 /* Resources */ = {
			isa = PBXResourcesBuildPhase;
			buildActionMask = 2147483647;
			files = (
				01EE6F1527B3048A0032BE75 /* Assets.xcassets in Resources */,
			);
			runOnlyForDeploymentPostprocessing = 0;
		};
		01EE6EF827B304890032BE75 /* Resources */ = {
			isa = PBXResourcesBuildPhase;
			buildActionMask = 2147483647;
			files = (
			);
			runOnlyForDeploymentPostprocessing = 0;
		};
		01EE6F0427B3048A0032BE75 /* Resources */ = {
			isa = PBXResourcesBuildPhase;
			buildActionMask = 2147483647;
			files = (
			);
			runOnlyForDeploymentPostprocessing = 0;
		};
/* End PBXResourcesBuildPhase section */

/* Begin PBXSourcesBuildPhase section */
		01EE6EE627B304890032BE75 /* Sources */ = {
			isa = PBXSourcesBuildPhase;
			buildActionMask = 2147483647;
			files = (
				01EE6F0E27B3048A0032BE75 /* userApp.swift in Sources */,
				01EE6F1027B3048A0032BE75 /* userDocument.swift in Sources */,
				01EE6F1227B3048A0032BE75 /* ContentView.swift in Sources */,
			);
			runOnlyForDeploymentPostprocessing = 0;
		};
		01EE6EEE27B304890032BE75 /* Sources */ = {
			isa = PBXSourcesBuildPhase;
			buildActionMask = 2147483647;
			files = (
				01EE6F0F27B3048A0032BE75 /* userApp.swift in Sources */,
				01EE6F1127B3048A0032BE75 /* userDocument.swift in Sources */,
				01EE6F1327B3048A0032BE75 /* ContentView.swift in Sources */,
			);
			runOnlyForDeploymentPostprocessing = 0;
		};
		01EE6EF627B304890032BE75 /* Sources */ = {
			isa = PBXSourcesBuildPhase;
			buildActionMask = 2147483647;
			files = (
				01EE6F0127B3048A0032BE75 /* Tests_iOSLaunchTests.swift in Sources */,
				01EE6EFF27B304890032BE75 /* Tests_iOS.swift in Sources */,
			);
			runOnlyForDeploymentPostprocessing = 0;
		};
		01EE6F0227B3048A0032BE75 /* Sources */ = {
			isa = PBXSourcesBuildPhase;
			buildActionMask = 2147483647;
			files = (
				01EE6F0D27B3048A0032BE75 /* Tests_macOSLaunchTests.swift in Sources */,
				01EE6F0B27B3048A0032BE75 /* Tests_macOS.swift in Sources */,
			);
			runOnlyForDeploymentPostprocessing = 0;
		};
/* End PBXSourcesBuildPhase section */

/* Begin PBXTargetDependency section */
		01EE6EFC27B304890032BE75 /* PBXTargetDependency */ = {
			isa = PBXTargetDependency;
			target = 01EE6EE927B304890032BE75 /* user (iOS) */;
			targetProxy = 01EE6EFB27B304890032BE75 /* PBXContainerItemProxy */;
		};
		01EE6F0827B3048A0032BE75 /* PBXTargetDependency */ = {
			isa = PBXTargetDependency;
			target = 01EE6EF127B304890032BE75 /* user (macOS) */;
			targetProxy = 01EE6F0727B3048A0032BE75 /* PBXContainerItemProxy */;
		};
/* End PBXTargetDependency section */

/* Begin XCBuildConfiguration section */
		01EE6F1627B3048A0032BE75 /* Debug */ = {
			isa = XCBuildConfiguration;
			buildSettings = {
				ALWAYS_SEARCH_USER_PATHS = NO;
				CLANG_ANALYZER_NONNULL = YES;
				CLANG_ANALYZER_NUMBER_OBJECT_CONVERSION = YES_AGGRESSIVE;
				CLANG_CXX_LANGUAGE_STANDARD = "gnu++17";
				CLANG_CXX_LIBRARY = "libc++";
				CLANG_ENABLE_MODULES = YES;
				CLANG_ENABLE_OBJC_ARC = YES;
				CLANG_ENABLE_OBJC_WEAK = YES;
				CLANG_WARN_BLOCK_CAPTURE_AUTORELEASING = YES;
				CLANG_WARN_BOOL_CONVERSION = YES;
				CLANG_WARN_COMMA = YES;
				CLANG_WARN_CONSTANT_CONVERSION = YES;
				CLANG_WARN_DEPRECATED_OBJC_IMPLEMENTATIONS = YES;
				CLANG_WARN_DIRECT_OBJC_ISA_USAGE = YES_ERROR;
				CLANG_WARN_DOCUMENTATION_COMMENTS = YES;
				CLANG_WARN_EMPTY_BODY = YES;
				CLANG_WARN_ENUM_CONVERSION = YES;
				CLANG_WARN_INFINITE_RECURSION = YES;
				CLANG_WARN_INT_CONVERSION = YES;
				CLANG_WARN_NON_LITERAL_NULL_CONVERSION = YES;
				CLANG_WARN_OBJC_IMPLICIT_RETAIN_SELF = YES;
				CLANG_WARN_OBJC_LITERAL_CONVERSION = YES;
				CLANG_WARN_OBJC_ROOT_CLASS = YES_ERROR;
				CLANG_WARN_QUOTED_INCLUDE_IN_FRAMEWORK_HEADER = YES;
				CLANG_WARN_RANGE_LOOP_ANALYSIS = YES;
				CLANG_WARN_STRICT_PROTOTYPES = YES;
				CLANG_WARN_SUSPICIOUS_MOVE = YES;
				CLANG_WARN_UNGUARDED_AVAILABILITY = YES_AGGRESSIVE;
				CLANG_WARN_UNREACHABLE_CODE = YES;
				CLANG_WARN__DUPLICATE_METHOD_MATCH = YES;
				COPY_PHASE_STRIP = NO;
				DEBUG_INFORMATION_FORMAT = dwarf;
				ENABLE_STRICT_OBJC_MSGSEND = YES;
				ENABLE_TESTABILITY = YES;
				GCC_C_LANGUAGE_STANDARD = gnu11;
				GCC_DYNAMIC_NO_PIC = NO;
				GCC_NO_COMMON_BLOCKS = YES;
				GCC_OPTIMIZATION_LEVEL = 0;
				GCC_PREPROCESSOR_DEFINITIONS = (
					"DEBUG=1",
					"$(inherited)",
				);
				GCC_WARN_64_TO_32_BIT_CONVERSION = YES;
				GCC_WARN_ABOUT_RETURN_TYPE = YES_ERROR;
				GCC_WARN_UNDECLARED_SELECTOR = YES;
				GCC_WARN_UNINITIALIZED_AUTOS = YES_AGGRESSIVE;
				GCC_WARN_UNUSED_FUNCTION = YES;
				GCC_WARN_UNUSED_VARIABLE = YES;
				MTL_ENABLE_DEBUG_INFO = INCLUDE_SOURCE;
				MTL_FAST_MATH = YES;
				ONLY_ACTIVE_ARCH = YES;
				SWIFT_ACTIVE_COMPILATION_CONDITIONS = DEBUG;
				SWIFT_OPTIMIZATION_LEVEL = "-Onone";
			};
			name = Debug;
		};
		01EE6F1727B3048A0032BE75 /* Release */ = {
			isa = XCBuildConfiguration;
			buildSettings = {
				ALWAYS_SEARCH_USER_PATHS = NO;
				CLANG_ANALYZER_NONNULL = YES;
				CLANG_ANALYZER_NUMBER_OBJECT_CONVERSION = YES_AGGRESSIVE;
				CLANG_CXX_LANGUAGE_STANDARD = "gnu++17";
				CLANG_CXX_LIBRARY = "libc++";
				CLANG_ENABLE_MODULES = YES;
				CLANG_ENABLE_OBJC_ARC = YES;
				CLANG_ENABLE_OBJC_WEAK = YES;
				CLANG_WARN_BLOCK_CAPTURE_AUTORELEASING = YES;
				CLANG_WARN_BOOL_CONVERSION = YES;
				CLANG_WARN_COMMA = YES;
				CLANG_WARN_CONSTANT_CONVERSION = YES;
				CLANG_WARN_DEPRECATED_OBJC_IMPLEMENTATIONS = YES;
				CLANG_WARN_DIRECT_OBJC_ISA_USAGE = YES_ERROR;
				CLANG_WARN_DOCUMENTATION_COMMENTS = YES;
				CLANG_WARN_EMPTY_BODY = YES;
				CLANG_WARN_ENUM_CONVERSION = YES;
				CLANG_WARN_INFINITE_RECURSION = YES;
				CLANG_WARN_INT_CONVERSION = YES;
				CLANG_WARN_NON_LITERAL_NULL_CONVERSION = YES;
				CLANG_WARN_OBJC_IMPLICIT_RETAIN_SELF = YES;
				CLANG_WARN_OBJC_LITERAL_CONVERSION = YES;
				CLANG_WARN_OBJC_ROOT_CLASS = YES_ERROR;
				CLANG_WARN_QUOTED_INCLUDE_IN_FRAMEWORK_HEADER = YES;
				CLANG_WARN_RANGE_LOOP_ANALYSIS = YES;
				CLANG_WARN_STRICT_PROTOTYPES = YES;
				CLANG_WARN_SUSPICIOUS_MOVE = YES;
				CLANG_WARN_UNGUARDED_AVAILABILITY = YES_AGGRESSIVE;
				CLANG_WARN_UNREACHABLE_CODE = YES;
				CLANG_WARN__DUPLICATE_METHOD_MATCH = YES;
				COPY_PHASE_STRIP = NO;
				DEBUG_INFORMATION_FORMAT = "dwarf-with-dsym";
				ENABLE_NS_ASSERTIONS = NO;
				ENABLE_STRICT_OBJC_MSGSEND = YES;
				GCC_C_LANGUAGE_STANDARD = gnu11;
				GCC_NO_COMMON_BLOCKS = YES;
				GCC_WARN_64_TO_32_BIT_CONVERSION = YES;
				GCC_WARN_ABOUT_RETURN_TYPE = YES_ERROR;
				GCC_WARN_UNDECLARED_SELECTOR = YES;
				GCC_WARN_UNINITIALIZED_AUTOS = YES_AGGRESSIVE;
				GCC_WARN_UNUSED_FUNCTION = YES;
				GCC_WARN_UNUSED_VARIABLE = YES;
				MTL_ENABLE_DEBUG_INFO = NO;
				MTL_FAST_MATH = YES;
				SWIFT_COMPILATION_MODE = wholemodule;
				SWIFT_OPTIMIZATION_LEVEL = "-O";
			};
			name = Release;
		};
		01EE6F1927B3048A0032BE75 /* Debug */ = {
			isa = XCBuildConfiguration;
			buildSettings = {
				ASSETCATALOG_COMPILER_APPICON_NAME = AppIcon;
				ASSETCATALOG_COMPILER_GLOBAL_ACCENT_COLOR_NAME = AccentColor;
				CODE_SIGN_STYLE = Automatic;
				CURRENT_PROJECT_VERSION = 1;
				DEVELOPMENT_TEAM = PQKX7448SV;
				ENABLE_PREVIEWS = YES;
				GENERATE_INFOPLIST_FILE = YES;
				INFOPLIST_FILE = iOS/Info.plist;
				INFOPLIST_KEY_LSSupportsOpeningDocumentsInPlace = YES;
				INFOPLIST_KEY_UIApplicationSceneManifest_Generation = YES;
				INFOPLIST_KEY_UIApplicationSupportsIndirectInputEvents = YES;
				INFOPLIST_KEY_UILaunchScreen_Generation = YES;
				INFOPLIST_KEY_UISupportedInterfaceOrientations_iPad = "UIInterfaceOrientationPortrait UIInterfaceOrientationPortraitUpsideDown UIInterfaceOrientationLandscapeLeft UIInterfaceOrientationLandscapeRight";
				INFOPLIST_KEY_UISupportedInterfaceOrientations_iPhone = "UIInterfaceOrientationPortrait UIInterfaceOrientationLandscapeLeft UIInterfaceOrientationLandscapeRight";
				INFOPLIST_KEY_UISupportsDocumentBrowser = YES;
				IPHONEOS_DEPLOYMENT_TARGET = 15.2;
				LD_RUNPATH_SEARCH_PATHS = (
					"$(inherited)",
					"@executable_path/Frameworks",
				);
				MARKETING_VERSION = 1.0;
				PRODUCT_BUNDLE_IDENTIFIER = "Bloom-Tech.user";
				PRODUCT_NAME = user;
				SDKROOT = iphoneos;
				SWIFT_EMIT_LOC_STRINGS = YES;
				SWIFT_VERSION = 5.0;
				TARGETED_DEVICE_FAMILY = "1,2";
			};
			name = Debug;
		};
		01EE6F1A27B3048A0032BE75 /* Release */ = {
			isa = XCBuildConfiguration;
			buildSettings = {
				ASSETCATALOG_COMPILER_APPICON_NAME = AppIcon;
				ASSETCATALOG_COMPILER_GLOBAL_ACCENT_COLOR_NAME = AccentColor;
				CODE_SIGN_STYLE = Automatic;
				CURRENT_PROJECT_VERSION = 1;
				DEVELOPMENT_TEAM = PQKX7448SV;
				ENABLE_PREVIEWS = YES;
				GENERATE_INFOPLIST_FILE = YES;
				INFOPLIST_FILE = iOS/Info.plist;
				INFOPLIST_KEY_LSSupportsOpeningDocumentsInPlace = YES;
				INFOPLIST_KEY_UIApplicationSceneManifest_Generation = YES;
				INFOPLIST_KEY_UIApplicationSupportsIndirectInputEvents = YES;
				INFOPLIST_KEY_UILaunchScreen_Generation = YES;
				INFOPLIST_KEY_UISupportedInterfaceOrientations_iPad = "UIInterfaceOrientationPortrait UIInterfaceOrientationPortraitUpsideDown UIInterfaceOrientationLandscapeLeft UIInterfaceOrientationLandscapeRight";
				INFOPLIST_KEY_UISupportedInterfaceOrientations_iPhone = "UIInterfaceOrientationPortrait UIInterfaceOrientationLandscapeLeft UIInterfaceOrientationLandscapeRight";
				INFOPLIST_KEY_UISupportsDocumentBrowser = YES;
				IPHONEOS_DEPLOYMENT_TARGET = 15.2;
				LD_RUNPATH_SEARCH_PATHS = (
					"$(inherited)",
					"@executable_path/Frameworks",
				);
				MARKETING_VERSION = 1.0;
				PRODUCT_BUNDLE_IDENTIFIER = "Bloom-Tech.user";
				PRODUCT_NAME = user;
				SDKROOT = iphoneos;
				SWIFT_EMIT_LOC_STRINGS = YES;
				SWIFT_VERSION = 5.0;
				TARGETED_DEVICE_FAMILY = "1,2";
				VALIDATE_PRODUCT = YES;
			};
			name = Release;
		};
		01EE6F1C27B3048A0032BE75 /* Debug */ = {
			isa = XCBuildConfiguration;
			buildSettings = {
				ASSETCATALOG_COMPILER_APPICON_NAME = AppIcon;
				ASSETCATALOG_COMPILER_GLOBAL_ACCENT_COLOR_NAME = AccentColor;
				CODE_SIGN_ENTITLEMENTS = macOS/macOS.entitlements;
				CODE_SIGN_STYLE = Automatic;
				COMBINE_HIDPI_IMAGES = YES;
				CURRENT_PROJECT_VERSION = 1;
				DEVELOPMENT_TEAM = PQKX7448SV;
				ENABLE_HARDENED_RUNTIME = YES;
				ENABLE_PREVIEWS = YES;
				GENERATE_INFOPLIST_FILE = YES;
				INFOPLIST_FILE = macOS/Info.plist;
				INFOPLIST_KEY_NSHumanReadableCopyright = "";
				LD_RUNPATH_SEARCH_PATHS = (
					"$(inherited)",
					"@executable_path/../Frameworks",
				);
				MACOSX_DEPLOYMENT_TARGET = 12.1;
				MARKETING_VERSION = 1.0;
				PRODUCT_BUNDLE_IDENTIFIER = "Bloom-Tech.user";
				PRODUCT_NAME = user;
				SDKROOT = macosx;
				SWIFT_EMIT_LOC_STRINGS = YES;
				SWIFT_VERSION = 5.0;
			};
			name = Debug;
		};
		01EE6F1D27B3048A0032BE75 /* Release */ = {
			isa = XCBuildConfiguration;
			buildSettings = {
				ASSETCATALOG_COMPILER_APPICON_NAME = AppIcon;
				ASSETCATALOG_COMPILER_GLOBAL_ACCENT_COLOR_NAME = AccentColor;
				CODE_SIGN_ENTITLEMENTS = macOS/macOS.entitlements;
				CODE_SIGN_STYLE = Automatic;
				COMBINE_HIDPI_IMAGES = YES;
				CURRENT_PROJECT_VERSION = 1;
				DEVELOPMENT_TEAM = PQKX7448SV;
				ENABLE_HARDENED_RUNTIME = YES;
				ENABLE_PREVIEWS = YES;
				GENERATE_INFOPLIST_FILE = YES;
				INFOPLIST_FILE = macOS/Info.plist;
				INFOPLIST_KEY_NSHumanReadableCopyright = "";
				LD_RUNPATH_SEARCH_PATHS = (
					"$(inherited)",
					"@executable_path/../Frameworks",
				);
				MACOSX_DEPLOYMENT_TARGET = 12.1;
				MARKETING_VERSION = 1.0;
				PRODUCT_BUNDLE_IDENTIFIER = "Bloom-Tech.user";
				PRODUCT_NAME = user;
				SDKROOT = macosx;
				SWIFT_EMIT_LOC_STRINGS = YES;
				SWIFT_VERSION = 5.0;
			};
			name = Release;
		};
		01EE6F1F27B3048A0032BE75 /* Debug */ = {
			isa = XCBuildConfiguration;
			buildSettings = {
				ALWAYS_EMBED_SWIFT_STANDARD_LIBRARIES = YES;
				CODE_SIGN_STYLE = Automatic;
				CURRENT_PROJECT_VERSION = 1;
				DEVELOPMENT_TEAM = PQKX7448SV;
				GENERATE_INFOPLIST_FILE = YES;
				IPHONEOS_DEPLOYMENT_TARGET = 15.2;
				MARKETING_VERSION = 1.0;
				PRODUCT_BUNDLE_IDENTIFIER = "Bloom-Tech.Tests-iOS";
				PRODUCT_NAME = "$(TARGET_NAME)";
				SDKROOT = iphoneos;
				SWIFT_EMIT_LOC_STRINGS = NO;
				SWIFT_VERSION = 5.0;
				TARGETED_DEVICE_FAMILY = "1,2";
				TEST_TARGET_NAME = "user (iOS)";
			};
			name = Debug;
		};
		01EE6F2027B3048A0032BE75 /* Release */ = {
			isa = XCBuildConfiguration;
			buildSettings = {
				ALWAYS_EMBED_SWIFT_STANDARD_LIBRARIES = YES;
				CODE_SIGN_STYLE = Automatic;
				CURRENT_PROJECT_VERSION = 1;
				DEVELOPMENT_TEAM = PQKX7448SV;
				GENERATE_INFOPLIST_FILE = YES;
				IPHONEOS_DEPLOYMENT_TARGET = 15.2;
				MARKETING_VERSION = 1.0;
				PRODUCT_BUNDLE_IDENTIFIER = "Bloom-Tech.Tests-iOS";
				PRODUCT_NAME = "$(TARGET_NAME)";
				SDKROOT = iphoneos;
				SWIFT_EMIT_LOC_STRINGS = NO;
				SWIFT_VERSION = 5.0;
				TARGETED_DEVICE_FAMILY = "1,2";
				TEST_TARGET_NAME = "user (iOS)";
				VALIDATE_PRODUCT = YES;
			};
			name = Release;
		};
		01EE6F2227B3048A0032BE75 /* Debug */ = {
			isa = XCBuildConfiguration;
			buildSettings = {
				ALWAYS_EMBED_SWIFT_STANDARD_LIBRARIES = YES;
				CODE_SIGN_STYLE = Automatic;
				CURRENT_PROJECT_VERSION = 1;
				DEVELOPMENT_TEAM = PQKX7448SV;
				GENERATE_INFOPLIST_FILE = YES;
				MACOSX_DEPLOYMENT_TARGET = 12.1;
				MARKETING_VERSION = 1.0;
				PRODUCT_BUNDLE_IDENTIFIER = "Bloom-Tech.Tests-macOS";
				PRODUCT_NAME = "$(TARGET_NAME)";
				SDKROOT = macosx;
				SWIFT_EMIT_LOC_STRINGS = NO;
				SWIFT_VERSION = 5.0;
				TEST_TARGET_NAME = "user (macOS)";
			};
			name = Debug;
		};
		01EE6F2327B3048A0032BE75 /* Release */ = {
			isa = XCBuildConfiguration;
			buildSettings = {
				ALWAYS_EMBED_SWIFT_STANDARD_LIBRARIES = YES;
				CODE_SIGN_STYLE = Automatic;
				CURRENT_PROJECT_VERSION = 1;
				DEVELOPMENT_TEAM = PQKX7448SV;
				GENERATE_INFOPLIST_FILE = YES;
				MACOSX_DEPLOYMENT_TARGET = 12.1;
				MARKETING_VERSION = 1.0;
				PRODUCT_BUNDLE_IDENTIFIER = "Bloom-Tech.Tests-macOS";
				PRODUCT_NAME = "$(TARGET_NAME)";
				SDKROOT = macosx;
				SWIFT_EMIT_LOC_STRINGS = NO;
				SWIFT_VERSION = 5.0;
				TEST_TARGET_NAME = "user (macOS)";
			};
			name = Release;
		};
/* End XCBuildConfiguration section */

/* Begin XCConfigurationList section */
		01EE6EE027B3047A0032BE75 /* Build configuration list for PBXProject "user" */ = {
			isa = XCConfigurationList;
			buildConfigurations = (
				01EE6F1627B3048A0032BE75 /* Debug */,
				01EE6F1727B3048A0032BE75 /* Release */,
			);
			defaultConfigurationIsVisible = 0;
			defaultConfigurationName = Release;
		};
		01EE6F1827B3048A0032BE75 /* Build configuration list for PBXNativeTarget "user (iOS)" */ = {
			isa = XCConfigurationList;
			buildConfigurations = (
				01EE6F1927B3048A0032BE75 /* Debug */,
				01EE6F1A27B3048A0032BE75 /* Release */,
			);
			defaultConfigurationIsVisible = 0;
			defaultConfigurationName = Release;
		};
		01EE6F1B27B3048A0032BE75 /* Build configuration list for PBXNativeTarget "user (macOS)" */ = {
			isa = XCConfigurationList;
			buildConfigurations = (
				01EE6F1C27B3048A0032BE75 /* Debug */,
				01EE6F1D27B3048A0032BE75 /* Release */,
			);
			defaultConfigurationIsVisible = 0;
			defaultConfigurationName = Release;
		};
		01EE6F1E27B3048A0032BE75 /* Build configuration list for PBXNativeTarget "Tests iOS" */ = {
			isa = XCConfigurationList;
			buildConfigurations = (
				01EE6F1F27B3048A0032BE75 /* Debug */,
				01EE6F2027B3048A0032BE75 /* Release */,
			);
			defaultConfigurationIsVisible = 0;
			defaultConfigurationName = Release;
		};
		01EE6F2127B3048A0032BE75 /* Build configuration list for PBXNativeTarget "Tests macOS" */ = {
			isa = XCConfigurationList;
			buildConfigurations = (
				01EE6F2227B3048A0032BE75 /* Debug */,
				01EE6F2327B3048A0032BE75 /* Release */,
			);
			defaultConfigurationIsVisible = 0;
			defaultConfigurationName = Release;
		};
/* End XCConfigurationList section */
	};
	rootObject = 01EE6EDD27B3047A0032BE75 /* Project object */;
}
